// !$*UTF8*$!
{
	archiveVersion = 1;
	classes = {
	};
	objectVersion = 56;
	objects = {

/* Begin PBXBuildFile section */
		1B59D1A12BCDE8380088B686 /* ProjectUpdateView.swift in Sources */ = {isa = PBXBuildFile; fileRef = 1B59D1A02BCDE8380088B686 /* ProjectUpdateView.swift */; };
		1B59D1A32BCE18E20088B686 /* AddUpdateView.swift in Sources */ = {isa = PBXBuildFile; fileRef = 1B59D1A22BCE18E20088B686 /* AddUpdateView.swift */; };
		1B59D1A52BCF61BA0088B686 /* EditFocusView.swift in Sources */ = {isa = PBXBuildFile; fileRef = 1B59D1A42BCF61BA0088B686 /* EditFocusView.swift */; };
		1B8756432BCAFC9C0081AAB0 /* DBProjectTracker.swift in Sources */ = {isa = PBXBuildFile; fileRef = 1B8756422BCAFC9C0081AAB0 /* DBProjectTracker.swift */; };
		1B8756452BCAFC9C0081AAB0 /* ProjectListView.swift in Sources */ = {isa = PBXBuildFile; fileRef = 1B8756442BCAFC9C0081AAB0 /* ProjectListView.swift */; };
		1B8756472BCAFCA20081AAB0 /* Assets.xcassets in Resources */ = {isa = PBXBuildFile; fileRef = 1B8756462BCAFCA20081AAB0 /* Assets.xcassets */; };
		1B87564A2BCAFCA20081AAB0 /* Preview Assets.xcassets in Resources */ = {isa = PBXBuildFile; fileRef = 1B8756492BCAFCA20081AAB0 /* Preview Assets.xcassets */; };
		1B8756522BCAFD030081AAB0 /* Project.swift in Sources */ = {isa = PBXBuildFile; fileRef = 1B8756512BCAFD030081AAB0 /* Project.swift */; };
		1B8756542BCAFD860081AAB0 /* ProjectUpdate.swift in Sources */ = {isa = PBXBuildFile; fileRef = 1B8756532BCAFD860081AAB0 /* ProjectUpdate.swift */; };
		1B8756572BCB5F4D0081AAB0 /* FontExtension.swift in Sources */ = {isa = PBXBuildFile; fileRef = 1B8756562BCB5F4D0081AAB0 /* FontExtension.swift */; };
		1B87565B2BCD741B0081AAB0 /* HelperUtils.swift in Sources */ = {isa = PBXBuildFile; fileRef = 1B87565A2BCD741B0081AAB0 /* HelperUtils.swift */; };
		1B87565E2BCD95BA0081AAB0 /* StatBubbleView.swift in Sources */ = {isa = PBXBuildFile; fileRef = 1B87565D2BCD95BA0081AAB0 /* StatBubbleView.swift */; };
		1B8756602BCD98740081AAB0 /* ProjectCardView.swift in Sources */ = {isa = PBXBuildFile; fileRef = 1B87565F2BCD98740081AAB0 /* ProjectCardView.swift */; };
		1B8756622BCDAC5C0081AAB0 /* AddProjectView.swift in Sources */ = {isa = PBXBuildFile; fileRef = 1B8756612BCDAC5C0081AAB0 /* AddProjectView.swift */; };
		1B8756652BCDD33E0081AAB0 /* ProjectDetailView.swift in Sources */ = {isa = PBXBuildFile; fileRef = 1B8756642BCDD33E0081AAB0 /* ProjectDetailView.swift */; };
/* End PBXBuildFile section */

/* Begin PBXFileReference section */
		1B59D1A02BCDE8380088B686 /* ProjectUpdateView.swift */ = {isa = PBXFileReference; lastKnownFileType = sourcecode.swift; path = ProjectUpdateView.swift; sourceTree = "<group>"; };
		1B59D1A22BCE18E20088B686 /* AddUpdateView.swift */ = {isa = PBXFileReference; lastKnownFileType = sourcecode.swift; path = AddUpdateView.swift; sourceTree = "<group>"; };
		1B59D1A42BCF61BA0088B686 /* EditFocusView.swift */ = {isa = PBXFileReference; lastKnownFileType = sourcecode.swift; path = EditFocusView.swift; sourceTree = "<group>"; };
		1B87563F2BCAFC9C0081AAB0 /* db-project-tracker.app */ = {isa = PBXFileReference; explicitFileType = wrapper.application; includeInIndex = 0; path = "db-project-tracker.app"; sourceTree = BUILT_PRODUCTS_DIR; };
		1B8756422BCAFC9C0081AAB0 /* DBProjectTracker.swift */ = {isa = PBXFileReference; lastKnownFileType = sourcecode.swift; path = DBProjectTracker.swift; sourceTree = "<group>"; };
		1B8756442BCAFC9C0081AAB0 /* ProjectListView.swift */ = {isa = PBXFileReference; lastKnownFileType = sourcecode.swift; path = ProjectListView.swift; sourceTree = "<group>"; };
		1B8756462BCAFCA20081AAB0 /* Assets.xcassets */ = {isa = PBXFileReference; lastKnownFileType = folder.assetcatalog; path = Assets.xcassets; sourceTree = "<group>"; };
		1B8756492BCAFCA20081AAB0 /* Preview Assets.xcassets */ = {isa = PBXFileReference; lastKnownFileType = folder.assetcatalog; path = "Preview Assets.xcassets"; sourceTree = "<group>"; };
		1B8756512BCAFD030081AAB0 /* Project.swift */ = {isa = PBXFileReference; lastKnownFileType = sourcecode.swift; path = Project.swift; sourceTree = "<group>"; };
		1B8756532BCAFD860081AAB0 /* ProjectUpdate.swift */ = {isa = PBXFileReference; lastKnownFileType = sourcecode.swift; path = ProjectUpdate.swift; sourceTree = "<group>"; };
		1B8756562BCB5F4D0081AAB0 /* FontExtension.swift */ = {isa = PBXFileReference; lastKnownFileType = sourcecode.swift; path = FontExtension.swift; sourceTree = "<group>"; };
		1B87565A2BCD741B0081AAB0 /* HelperUtils.swift */ = {isa = PBXFileReference; fileEncoding = 4; lastKnownFileType = sourcecode.swift; path = HelperUtils.swift; sourceTree = "<group>"; };
		1B87565D2BCD95BA0081AAB0 /* StatBubbleView.swift */ = {isa = PBXFileReference; lastKnownFileType = sourcecode.swift; path = StatBubbleView.swift; sourceTree = "<group>"; };
		1B87565F2BCD98740081AAB0 /* ProjectCardView.swift */ = {isa = PBXFileReference; lastKnownFileType = sourcecode.swift; path = ProjectCardView.swift; sourceTree = "<group>"; };
		1B8756612BCDAC5C0081AAB0 /* AddProjectView.swift */ = {isa = PBXFileReference; lastKnownFileType = sourcecode.swift; path = AddProjectView.swift; sourceTree = "<group>"; };
		1B8756642BCDD33E0081AAB0 /* ProjectDetailView.swift */ = {isa = PBXFileReference; lastKnownFileType = sourcecode.swift; path = ProjectDetailView.swift; sourceTree = "<group>"; };
/* End PBXFileReference section */

/* Begin PBXFrameworksBuildPhase section */
		1B87563C2BCAFC9C0081AAB0 /* Frameworks */ = {
			isa = PBXFrameworksBuildPhase;
			buildActionMask = 2147483647;
			files = (
			);
			runOnlyForDeploymentPostprocessing = 0;
		};
/* End PBXFrameworksBuildPhase section */

/* Begin PBXGroup section */
		1B8756362BCAFC9C0081AAB0 = {
			isa = PBXGroup;
			children = (
				1B8756412BCAFC9C0081AAB0 /* db-project-tracker */,
				1B8756402BCAFC9C0081AAB0 /* Products */,
			);
			sourceTree = "<group>";
		};
		1B8756402BCAFC9C0081AAB0 /* Products */ = {
			isa = PBXGroup;
			children = (
				1B87563F2BCAFC9C0081AAB0 /* db-project-tracker.app */,
			);
			name = Products;
			sourceTree = "<group>";
		};
		1B8756412BCAFC9C0081AAB0 /* db-project-tracker */ = {
			isa = PBXGroup;
			children = (
				1B8756422BCAFC9C0081AAB0 /* DBProjectTracker.swift */,
				1B87565C2BCD95850081AAB0 /* ProjectList */,
				1B8756632BCDD32D0081AAB0 /* ProjectDetail */,
				1B8756502BCAFCF50081AAB0 /* Models */,
				1B8756552BCB5F390081AAB0 /* Helpers */,
				1B8756462BCAFCA20081AAB0 /* Assets.xcassets */,
				1B8756482BCAFCA20081AAB0 /* Preview Content */,
			);
			path = "db-project-tracker";
			sourceTree = "<group>";
		};
		1B8756482BCAFCA20081AAB0 /* Preview Content */ = {
			isa = PBXGroup;
			children = (
				1B8756492BCAFCA20081AAB0 /* Preview Assets.xcassets */,
			);
			path = "Preview Content";
			sourceTree = "<group>";
		};
		1B8756502BCAFCF50081AAB0 /* Models */ = {
			isa = PBXGroup;
			children = (
				1B8756512BCAFD030081AAB0 /* Project.swift */,
				1B8756532BCAFD860081AAB0 /* ProjectUpdate.swift */,
			);
			path = Models;
			sourceTree = "<group>";
		};
		1B8756552BCB5F390081AAB0 /* Helpers */ = {
			isa = PBXGroup;
			children = (
				1B87565A2BCD741B0081AAB0 /* HelperUtils.swift */,
				1B8756562BCB5F4D0081AAB0 /* FontExtension.swift */,
			);
			path = Helpers;
			sourceTree = "<group>";
		};
		1B87565C2BCD95850081AAB0 /* ProjectList */ = {
			isa = PBXGroup;
			children = (
				1B8756442BCAFC9C0081AAB0 /* ProjectListView.swift */,
				1B87565D2BCD95BA0081AAB0 /* StatBubbleView.swift */,
				1B87565F2BCD98740081AAB0 /* ProjectCardView.swift */,
				1B8756612BCDAC5C0081AAB0 /* AddProjectView.swift */,
			);
			path = ProjectList;
			sourceTree = "<group>";
		};
		1B8756632BCDD32D0081AAB0 /* ProjectDetail */ = {
			isa = PBXGroup;
			children = (
				1B8756642BCDD33E0081AAB0 /* ProjectDetailView.swift */,
				1B59D1A02BCDE8380088B686 /* ProjectUpdateView.swift */,
				1B59D1A22BCE18E20088B686 /* AddUpdateView.swift */,
				1B59D1A42BCF61BA0088B686 /* EditFocusView.swift */,
			);
			path = ProjectDetail;
			sourceTree = "<group>";
		};
/* End PBXGroup section */

/* Begin PBXNativeTarget section */
		1B87563E2BCAFC9C0081AAB0 /* db-project-tracker */ = {
			isa = PBXNativeTarget;
			buildConfigurationList = 1B87564D2BCAFCA20081AAB0 /* Build configuration list for PBXNativeTarget "db-project-tracker" */;
			buildPhases = (
				1B87563B2BCAFC9C0081AAB0 /* Sources */,
				1B87563C2BCAFC9C0081AAB0 /* Frameworks */,
				1B87563D2BCAFC9C0081AAB0 /* Resources */,
			);
			buildRules = (
			);
			dependencies = (
			);
			name = "db-project-tracker";
			productName = "db-project-tracker";
			productReference = 1B87563F2BCAFC9C0081AAB0 /* db-project-tracker.app */;
			productType = "com.apple.product-type.application";
		};
/* End PBXNativeTarget section */

/* Begin PBXProject section */
		1B8756372BCAFC9C0081AAB0 /* Project object */ = {
			isa = PBXProject;
			attributes = {
				BuildIndependentTargetsInParallel = 1;
				LastSwiftUpdateCheck = 1500;
				LastUpgradeCheck = 1500;
				TargetAttributes = {
					1B87563E2BCAFC9C0081AAB0 = {
						CreatedOnToolsVersion = 15.0;
					};
				};
			};
			buildConfigurationList = 1B87563A2BCAFC9C0081AAB0 /* Build configuration list for PBXProject "db-project-tracker" */;
			compatibilityVersion = "Xcode 14.0";
			developmentRegion = en;
			hasScannedForEncodings = 0;
			knownRegions = (
				en,
				Base,
			);
			mainGroup = 1B8756362BCAFC9C0081AAB0;
			productRefGroup = 1B8756402BCAFC9C0081AAB0 /* Products */;
			projectDirPath = "";
			projectRoot = "";
			targets = (
				1B87563E2BCAFC9C0081AAB0 /* db-project-tracker */,
			);
		};
/* End PBXProject section */

/* Begin PBXResourcesBuildPhase section */
		1B87563D2BCAFC9C0081AAB0 /* Resources */ = {
			isa = PBXResourcesBuildPhase;
			buildActionMask = 2147483647;
			files = (
				1B87564A2BCAFCA20081AAB0 /* Preview Assets.xcassets in Resources */,
				1B8756472BCAFCA20081AAB0 /* Assets.xcassets in Resources */,
			);
			runOnlyForDeploymentPostprocessing = 0;
		};
/* End PBXResourcesBuildPhase section */

/* Begin PBXSourcesBuildPhase section */
		1B87563B2BCAFC9C0081AAB0 /* Sources */ = {
			isa = PBXSourcesBuildPhase;
			buildActionMask = 2147483647;
			files = (
				1B8756572BCB5F4D0081AAB0 /* FontExtension.swift in Sources */,
				1B59D1A32BCE18E20088B686 /* AddUpdateView.swift in Sources */,
				1B59D1A52BCF61BA0088B686 /* EditFocusView.swift in Sources */,
				1B59D1A12BCDE8380088B686 /* ProjectUpdateView.swift in Sources */,
				1B87565E2BCD95BA0081AAB0 /* StatBubbleView.swift in Sources */,
				1B8756542BCAFD860081AAB0 /* ProjectUpdate.swift in Sources */,
				1B8756622BCDAC5C0081AAB0 /* AddProjectView.swift in Sources */,
				1B8756452BCAFC9C0081AAB0 /* ProjectListView.swift in Sources */,
				1B8756602BCD98740081AAB0 /* ProjectCardView.swift in Sources */,
				1B8756432BCAFC9C0081AAB0 /* DBProjectTracker.swift in Sources */,
				1B8756652BCDD33E0081AAB0 /* ProjectDetailView.swift in Sources */,
				1B8756522BCAFD030081AAB0 /* Project.swift in Sources */,
				1B87565B2BCD741B0081AAB0 /* HelperUtils.swift in Sources */,
			);
			runOnlyForDeploymentPostprocessing = 0;
		};
/* End PBXSourcesBuildPhase section */

/* Begin XCBuildConfiguration section */
		1B87564B2BCAFCA20081AAB0 /* Debug */ = {
			isa = XCBuildConfiguration;
			buildSettings = {
				ALWAYS_SEARCH_USER_PATHS = NO;
				ASSETCATALOG_COMPILER_GENERATE_SWIFT_ASSET_SYMBOL_EXTENSIONS = YES;
				CLANG_ANALYZER_NONNULL = YES;
				CLANG_ANALYZER_NUMBER_OBJECT_CONVERSION = YES_AGGRESSIVE;
				CLANG_CXX_LANGUAGE_STANDARD = "gnu++20";
				CLANG_ENABLE_MODULES = YES;
				CLANG_ENABLE_OBJC_ARC = YES;
				CLANG_ENABLE_OBJC_WEAK = YES;
				CLANG_WARN_BLOCK_CAPTURE_AUTORELEASING = YES;
				CLANG_WARN_BOOL_CONVERSION = YES;
				CLANG_WARN_COMMA = YES;
				CLANG_WARN_CONSTANT_CONVERSION = YES;
				CLANG_WARN_DEPRECATED_OBJC_IMPLEMENTATIONS = YES;
				CLANG_WARN_DIRECT_OBJC_ISA_USAGE = YES_ERROR;
				CLANG_WARN_DOCUMENTATION_COMMENTS = YES;
				CLANG_WARN_EMPTY_BODY = YES;
				CLANG_WARN_ENUM_CONVERSION = YES;
				CLANG_WARN_INFINITE_RECURSION = YES;
				CLANG_WARN_INT_CONVERSION = YES;
				CLANG_WARN_NON_LITERAL_NULL_CONVERSION = YES;
				CLANG_WARN_OBJC_IMPLICIT_RETAIN_SELF = YES;
				CLANG_WARN_OBJC_LITERAL_CONVERSION = YES;
				CLANG_WARN_OBJC_ROOT_CLASS = YES_ERROR;
				CLANG_WARN_QUOTED_INCLUDE_IN_FRAMEWORK_HEADER = YES;
				CLANG_WARN_RANGE_LOOP_ANALYSIS = YES;
				CLANG_WARN_STRICT_PROTOTYPES = YES;
				CLANG_WARN_SUSPICIOUS_MOVE = YES;
				CLANG_WARN_UNGUARDED_AVAILABILITY = YES_AGGRESSIVE;
				CLANG_WARN_UNREACHABLE_CODE = YES;
				CLANG_WARN__DUPLICATE_METHOD_MATCH = YES;
				COPY_PHASE_STRIP = NO;
				DEBUG_INFORMATION_FORMAT = dwarf;
				ENABLE_STRICT_OBJC_MSGSEND = YES;
				ENABLE_TESTABILITY = YES;
				ENABLE_USER_SCRIPT_SANDBOXING = YES;
				GCC_C_LANGUAGE_STANDARD = gnu17;
				GCC_DYNAMIC_NO_PIC = NO;
				GCC_NO_COMMON_BLOCKS = YES;
				GCC_OPTIMIZATION_LEVEL = 0;
				GCC_PREPROCESSOR_DEFINITIONS = (
					"DEBUG=1",
					"$(inherited)",
				);
				GCC_WARN_64_TO_32_BIT_CONVERSION = YES;
				GCC_WARN_ABOUT_RETURN_TYPE = YES_ERROR;
				GCC_WARN_UNDECLARED_SELECTOR = YES;
				GCC_WARN_UNINITIALIZED_AUTOS = YES_AGGRESSIVE;
				GCC_WARN_UNUSED_FUNCTION = YES;
				GCC_WARN_UNUSED_VARIABLE = YES;
				IPHONEOS_DEPLOYMENT_TARGET = 17.0;
				LOCALIZATION_PREFERS_STRING_CATALOGS = YES;
				MTL_ENABLE_DEBUG_INFO = INCLUDE_SOURCE;
				MTL_FAST_MATH = YES;
				ONLY_ACTIVE_ARCH = YES;
				SDKROOT = iphoneos;
				SWIFT_ACTIVE_COMPILATION_CONDITIONS = "DEBUG $(inherited)";
				SWIFT_OPTIMIZATION_LEVEL = "-Onone";
			};
			name = Debug;
		};
		1B87564C2BCAFCA20081AAB0 /* Release */ = {
			isa = XCBuildConfiguration;
			buildSettings = {
				ALWAYS_SEARCH_USER_PATHS = NO;
				ASSETCATALOG_COMPILER_GENERATE_SWIFT_ASSET_SYMBOL_EXTENSIONS = YES;
				CLANG_ANALYZER_NONNULL = YES;
				CLANG_ANALYZER_NUMBER_OBJECT_CONVERSION = YES_AGGRESSIVE;
				CLANG_CXX_LANGUAGE_STANDARD = "gnu++20";
				CLANG_ENABLE_MODULES = YES;
				CLANG_ENABLE_OBJC_ARC = YES;
				CLANG_ENABLE_OBJC_WEAK = YES;
				CLANG_WARN_BLOCK_CAPTURE_AUTORELEASING = YES;
				CLANG_WARN_BOOL_CONVERSION = YES;
				CLANG_WARN_COMMA = YES;
				CLANG_WARN_CONSTANT_CONVERSION = YES;
				CLANG_WARN_DEPRECATED_OBJC_IMPLEMENTATIONS = YES;
				CLANG_WARN_DIRECT_OBJC_ISA_USAGE = YES_ERROR;
				CLANG_WARN_DOCUMENTATION_COMMENTS = YES;
				CLANG_WARN_EMPTY_BODY = YES;
				CLANG_WARN_ENUM_CONVERSION = YES;
				CLANG_WARN_INFINITE_RECURSION = YES;
				CLANG_WARN_INT_CONVERSION = YES;
				CLANG_WARN_NON_LITERAL_NULL_CONVERSION = YES;
				CLANG_WARN_OBJC_IMPLICIT_RETAIN_SELF = YES;
				CLANG_WARN_OBJC_LITERAL_CONVERSION = YES;
				CLANG_WARN_OBJC_ROOT_CLASS = YES_ERROR;
				CLANG_WARN_QUOTED_INCLUDE_IN_FRAMEWORK_HEADER = YES;
				CLANG_WARN_RANGE_LOOP_ANALYSIS = YES;
				CLANG_WARN_STRICT_PROTOTYPES = YES;
				CLANG_WARN_SUSPICIOUS_MOVE = YES;
				CLANG_WARN_UNGUARDED_AVAILABILITY = YES_AGGRESSIVE;
				CLANG_WARN_UNREACHABLE_CODE = YES;
				CLANG_WARN__DUPLICATE_METHOD_MATCH = YES;
				COPY_PHASE_STRIP = NO;
				DEBUG_INFORMATION_FORMAT = "dwarf-with-dsym";
				ENABLE_NS_ASSERTIONS = NO;
				ENABLE_STRICT_OBJC_MSGSEND = YES;
				ENABLE_USER_SCRIPT_SANDBOXING = YES;
				GCC_C_LANGUAGE_STANDARD = gnu17;
				GCC_NO_COMMON_BLOCKS = YES;
				GCC_WARN_64_TO_32_BIT_CONVERSION = YES;
				GCC_WARN_ABOUT_RETURN_TYPE = YES_ERROR;
				GCC_WARN_UNDECLARED_SELECTOR = YES;
				GCC_WARN_UNINITIALIZED_AUTOS = YES_AGGRESSIVE;
				GCC_WARN_UNUSED_FUNCTION = YES;
				GCC_WARN_UNUSED_VARIABLE = YES;
				IPHONEOS_DEPLOYMENT_TARGET = 17.0;
				LOCALIZATION_PREFERS_STRING_CATALOGS = YES;
				MTL_ENABLE_DEBUG_INFO = NO;
				MTL_FAST_MATH = YES;
				SDKROOT = iphoneos;
				SWIFT_COMPILATION_MODE = wholemodule;
				VALIDATE_PRODUCT = YES;
			};
			name = Release;
		};
		1B87564E2BCAFCA20081AAB0 /* Debug */ = {
			isa = XCBuildConfiguration;
			buildSettings = {
				ASSETCATALOG_COMPILER_APPICON_NAME = AppIcon;
				ASSETCATALOG_COMPILER_GLOBAL_ACCENT_COLOR_NAME = AccentColor;
				CODE_SIGN_STYLE = Automatic;
				CURRENT_PROJECT_VERSION = 1;
				DEVELOPMENT_ASSET_PATHS = "\"db-project-tracker/Preview Content\"";
				ENABLE_PREVIEWS = YES;
				GENERATE_INFOPLIST_FILE = YES;
				INFOPLIST_KEY_UIApplicationSceneManifest_Generation = YES;
				INFOPLIST_KEY_UIApplicationSupportsIndirectInputEvents = YES;
				INFOPLIST_KEY_UILaunchScreen_Generation = YES;
				INFOPLIST_KEY_UISupportedInterfaceOrientations_iPad = "UIInterfaceOrientationPortrait UIInterfaceOrientationPortraitUpsideDown UIInterfaceOrientationLandscapeLeft UIInterfaceOrientationLandscapeRight";
				INFOPLIST_KEY_UISupportedInterfaceOrientations_iPhone = "UIInterfaceOrientationPortrait UIInterfaceOrientationLandscapeLeft UIInterfaceOrientationLandscapeRight";
				LD_RUNPATH_SEARCH_PATHS = (
					"$(inherited)",
					"@executable_path/Frameworks",
				);
				MARKETING_VERSION = 1.0;
				PRODUCT_BUNDLE_IDENTIFIER = "org.nibnilsoft.db-project-tracker";
				PRODUCT_NAME = "$(TARGET_NAME)";
				SWIFT_EMIT_LOC_STRINGS = YES;
				SWIFT_VERSION = 5.0;
				TARGETED_DEVICE_FAMILY = "1,2";
			};
			name = Debug;
		};
		1B87564F2BCAFCA20081AAB0 /* Release */ = {
			isa = XCBuildConfiguration;
			buildSettings = {
				ASSETCATALOG_COMPILER_APPICON_NAME = AppIcon;
				ASSETCATALOG_COMPILER_GLOBAL_ACCENT_COLOR_NAME = AccentColor;
				CODE_SIGN_STYLE = Automatic;
				CURRENT_PROJECT_VERSION = 1;
				DEVELOPMENT_ASSET_PATHS = "\"db-project-tracker/Preview Content\"";
				ENABLE_PREVIEWS = YES;
				GENERATE_INFOPLIST_FILE = YES;
				INFOPLIST_KEY_UIApplicationSceneManifest_Generation = YES;
				INFOPLIST_KEY_UIApplicationSupportsIndirectInputEvents = YES;
				INFOPLIST_KEY_UILaunchScreen_Generation = YES;
				INFOPLIST_KEY_UISupportedInterfaceOrientations_iPad = "UIInterfaceOrientationPortrait UIInterfaceOrientationPortraitUpsideDown UIInterfaceOrientationLandscapeLeft UIInterfaceOrientationLandscapeRight";
				INFOPLIST_KEY_UISupportedInterfaceOrientations_iPhone = "UIInterfaceOrientationPortrait UIInterfaceOrientationLandscapeLeft UIInterfaceOrientationLandscapeRight";
				LD_RUNPATH_SEARCH_PATHS = (
					"$(inherited)",
					"@executable_path/Frameworks",
				);
				MARKETING_VERSION = 1.0;
				PRODUCT_BUNDLE_IDENTIFIER = "org.nibnilsoft.db-project-tracker";
				PRODUCT_NAME = "$(TARGET_NAME)";
				SWIFT_EMIT_LOC_STRINGS = YES;
				SWIFT_VERSION = 5.0;
				TARGETED_DEVICE_FAMILY = "1,2";
			};
			name = Release;
		};
/* End XCBuildConfiguration section */

/* Begin XCConfigurationList section */
		1B87563A2BCAFC9C0081AAB0 /* Build configuration list for PBXProject "db-project-tracker" */ = {
			isa = XCConfigurationList;
			buildConfigurations = (
				1B87564B2BCAFCA20081AAB0 /* Debug */,
				1B87564C2BCAFCA20081AAB0 /* Release */,
			);
			defaultConfigurationIsVisible = 0;
			defaultConfigurationName = Release;
		};
		1B87564D2BCAFCA20081AAB0 /* Build configuration list for PBXNativeTarget "db-project-tracker" */ = {
			isa = XCConfigurationList;
			buildConfigurations = (
				1B87564E2BCAFCA20081AAB0 /* Debug */,
				1B87564F2BCAFCA20081AAB0 /* Release */,
			);
			defaultConfigurationIsVisible = 0;
			defaultConfigurationName = Release;
		};
/* End XCConfigurationList section */
	};
	rootObject = 1B8756372BCAFC9C0081AAB0 /* Project object */;
}
